
Microsoft Visual Studio Solution File, Format Version 12.00
# Visual Studio 15
VisualStudioVersion = 15.0.26730.3
MinimumVisualStudioVersion = 10.0.40219.1
Project("{FAE04EC0-301F-11D3-BF4B-00C04F79EFBC}") = "TechCareerFair", "TechCareerFair\TechCareerFair.csproj", "{C9666577-3B0E-455B-A17B-20F48E1CF950}"
EndProject
Global
	GlobalSection(SolutionConfigurationPlatforms) = preSolution
		Debug|Any CPU = Debug|Any CPU
		Release|Any CPU = Release|Any CPU
	EndGlobalSection
	GlobalSection(ProjectConfigurationPlatforms) = postSolution
		{C9666577-3B0E-455B-A17B-20F48E1CF950}.Debug|Any CPU.ActiveCfg = Debug|Any CPU
		{C9666577-3B0E-455B-A17B-20F48E1CF950}.Debug|Any CPU.Build.0 = Debug|Any CPU
		{C9666577-3B0E-455B-A17B-20F48E1CF950}.Release|Any CPU.ActiveCfg = Release|Any CPU
		{C9666577-3B0E-455B-A17B-20F48E1CF950}.Release|Any CPU.Build.0 = Release|Any CPU
	EndGlobalSection
	GlobalSection(SolutionProperties) = preSolution
		HideSolutionNode = FALSE
	EndGlobalSection
	GlobalSection(ExtensibilityGlobals) = postSolution
		SolutionGuid = {57005097-E1A8-4B7D-8E5E-56781F14EAB0}
	EndGlobalSection
EndGlobal
